
Microsoft Visual Studio Solution File, Format Version 12.00
# Visual Studio Version 17
VisualStudioVersion = 17.5.002.0
MinimumVisualStudioVersion = 10.0.40219.1
Project("{9A19103F-16F7-4668-BE54-9A1E7A4F7556}") = "BusBookingUsers", "BusBookingUsers\BusBookingUsers.csproj", "{8F52FF67-A9E9-429A-8CA0-07714D98E07F}"
EndProject
Global
	GlobalSection(SolutionConfigurationPlatforms) = preSolution
		Debug|Any CPU = Debug|Any CPU
		Release|Any CPU = Release|Any CPU
	EndGlobalSection
	GlobalSection(ProjectConfigurationPlatforms) = postSolution
		{8F52FF67-A9E9-429A-8CA0-07714D98E07F}.Debug|Any CPU.ActiveCfg = Debug|Any CPU
		{8F52FF67-A9E9-429A-8CA0-07714D98E07F}.Debug|Any CPU.Build.0 = Debug|Any CPU
		{8F52FF67-A9E9-429A-8CA0-07714D98E07F}.Release|Any CPU.ActiveCfg = Release|Any CPU
		{8F52FF67-A9E9-429A-8CA0-07714D98E07F}.Release|Any CPU.Build.0 = Release|Any CPU
	EndGlobalSection
	GlobalSection(SolutionProperties) = preSolution
		HideSolutionNode = FALSE
	EndGlobalSection
	GlobalSection(ExtensibilityGlobals) = postSolution
		SolutionGuid = {86612A4E-8132-4945-901C-AF2226DEEA66}
	EndGlobalSection
EndGlobal
