
Microsoft Visual Studio Solution File, Format Version 12.00
# Visual Studio Version 17
VisualStudioVersion = 17.7.34009.444
MinimumVisualStudioVersion = 10.0.40219.1
Project("{9A19103F-16F7-4668-BE54-9A1E7A4F7556}") = "WeatherForcast", "WeatherForcast\WeatherForcast.csproj", "{C1D2DE7F-1713-4DEB-9697-0E480016C46B}"
EndProject
Global
	GlobalSection(SolutionConfigurationPlatforms) = preSolution
		Debug|Any CPU = Debug|Any CPU
		Release|Any CPU = Release|Any CPU
	EndGlobalSection
	GlobalSection(ProjectConfigurationPlatforms) = postSolution
		{C1D2DE7F-1713-4DEB-9697-0E480016C46B}.Debug|Any CPU.ActiveCfg = Debug|Any CPU
		{C1D2DE7F-1713-4DEB-9697-0E480016C46B}.Debug|Any CPU.Build.0 = Debug|Any CPU
		{C1D2DE7F-1713-4DEB-9697-0E480016C46B}.Release|Any CPU.ActiveCfg = Release|Any CPU
		{C1D2DE7F-1713-4DEB-9697-0E480016C46B}.Release|Any CPU.Build.0 = Release|Any CPU
	EndGlobalSection
	GlobalSection(SolutionProperties) = preSolution
		HideSolutionNode = FALSE
	EndGlobalSection
	GlobalSection(ExtensibilityGlobals) = postSolution
		SolutionGuid = {C6E20D74-63D5-483E-B712-6027BD87B29F}
	EndGlobalSection
EndGlobal
